// !$*UTF8*$!
{
	archiveVersion = 1;
	classes = {
	};
	objectVersion = 46;
	objects = {

/* Begin PBXBuildFile section */
		65502BB41C577C6800CEF162 /* AppDelegate.swift in Sources */ = {isa = PBXBuildFile; fileRef = 65502BB31C577C6800CEF162 /* AppDelegate.swift */; };
		65502BB91C577C6800CEF162 /* Main.storyboard in Resources */ = {isa = PBXBuildFile; fileRef = 65502BB71C577C6800CEF162 /* Main.storyboard */; };
		65502BBB1C577C6800CEF162 /* Assets.xcassets in Resources */ = {isa = PBXBuildFile; fileRef = 65502BBA1C577C6800CEF162 /* Assets.xcassets */; };
		65502BBE1C577C6800CEF162 /* LaunchScreen.storyboard in Resources */ = {isa = PBXBuildFile; fileRef = 65502BBC1C577C6800CEF162 /* LaunchScreen.storyboard */; };
		65502BC61C577D5900CEF162 /* AuthorsTableViewController.swift in Sources */ = {isa = PBXBuildFile; fileRef = 65502BC51C577D5900CEF162 /* AuthorsTableViewController.swift */; };
		65502BC81C577D6100CEF162 /* BooksTableViewController.swift in Sources */ = {isa = PBXBuildFile; fileRef = 65502BC71C577D6100CEF162 /* BooksTableViewController.swift */; };
		65502BCA1C577D6700CEF162 /* BookCoverViewController.swift in Sources */ = {isa = PBXBuildFile; fileRef = 65502BC91C577D6700CEF162 /* BookCoverViewController.swift */; };
		65502BE91C577DBD00CEF162 /* Books.plist in Resources */ = {isa = PBXBuildFile; fileRef = 65502BCC1C577DBD00CEF162 /* Books.plist */; };
		65502BEA1C577DBD00CEF162 /* angels-demons.jpg in Resources */ = {isa = PBXBuildFile; fileRef = 65502BCE1C577DBD00CEF162 /* angels-demons.jpg */; };
		65502BEB1C577DBD00CEF162 /* azkaban.jpg in Resources */ = {isa = PBXBuildFile; fileRef = 65502BCF1C577DBD00CEF162 /* azkaban.jpg */; };
		65502BEC1C577DBD00CEF162 /* background.jpg in Resources */ = {isa = PBXBuildFile; fileRef = 65502BD01C577DBD00CEF162 /* background.jpg */; };
		65502BED1C577DBD00CEF162 /* bard.jpg in Resources */ = {isa = PBXBuildFile; fileRef = 65502BD11C577DBD00CEF162 /* bard.jpg */; };
		65502BEE1C577DBD00CEF162 /* bilbo-song.png in Resources */ = {isa = PBXBuildFile; fileRef = 65502BD21C577DBD00CEF162 /* bilbo-song.png */; };
		65502BEF1C577DBD00CEF162 /* blindsight.png in Resources */ = {isa = PBXBuildFile; fileRef = 65502BD31C577DBD00CEF162 /* blindsight.png */; };
		65502BF01C577DBD00CEF162 /* brain.jpg in Resources */ = {isa = PBXBuildFile; fileRef = 65502BD41C577DBD00CEF162 /* brain.jpg */; };
		65502BF11C577DBD00CEF162 /* chamber.jpg in Resources */ = {isa = PBXBuildFile; fileRef = 65502BD51C577DBD00CEF162 /* chamber.jpg */; };
		65502BF21C577DBD00CEF162 /* da-vinci-code.jpg in Resources */ = {isa = PBXBuildFile; fileRef = 65502BD61C577DBD00CEF162 /* da-vinci-code.jpg */; };
		65502BF31C577DBD00CEF162 /* deception-point.jpg in Resources */ = {isa = PBXBuildFile; fileRef = 65502BD71C577DBD00CEF162 /* deception-point.jpg */; };
		65502BF41C577DBD00CEF162 /* digital-fortress.jpg in Resources */ = {isa = PBXBuildFile; fileRef = 65502BD81C577DBD00CEF162 /* digital-fortress.jpg */; };
		65502BF51C577DBD00CEF162 /* fatal-cure.jpeg in Resources */ = {isa = PBXBuildFile; fileRef = 65502BD91C577DBD00CEF162 /* fatal-cure.jpeg */; };
		65502BF61C577DBD00CEF162 /* fellowship.jpg in Resources */ = {isa = PBXBuildFile; fileRef = 65502BDA1C577DBD00CEF162 /* fellowship.jpg */; };
		65502BF71C577DBD00CEF162 /* fever.jpg in Resources */ = {isa = PBXBuildFile; fileRef = 65502BDB1C577DBD00CEF162 /* fever.jpg */; };
		65502BF81C577DBD00CEF162 /* goblet.jpg in Resources */ = {isa = PBXBuildFile; fileRef = 65502BDC1C577DBD00CEF162 /* goblet.jpg */; };
		65502BF91C577DBD00CEF162 /* hallows.jpg in Resources */ = {isa = PBXBuildFile; fileRef = 65502BDD1C577DBD00CEF162 /* hallows.jpg */; };
		65502BFA1C577DBD00CEF162 /* intervention.jpg in Resources */ = {isa = PBXBuildFile; fileRef = 65502BDE1C577DBD00CEF162 /* intervention.jpg */; };
		65502BFB1C577DBD00CEF162 /* invasion.jpg in Resources */ = {isa = PBXBuildFile; fileRef = 65502BDF1C577DBD00CEF162 /* invasion.jpg */; };
		65502BFC1C577DBD00CEF162 /* lost-symbol.jpg in Resources */ = {isa = PBXBuildFile; fileRef = 65502BE01C577DBD00CEF162 /* lost-symbol.jpg */; };
		65502BFD1C577DBD00CEF162 /* phoenix.jpg in Resources */ = {isa = PBXBuildFile; fileRef = 65502BE11C577DBD00CEF162 /* phoenix.jpg */; };
		65502BFE1C577DBD00CEF162 /* prince.jpg in Resources */ = {isa = PBXBuildFile; fileRef = 65502BE21C577DBD00CEF162 /* prince.jpg */; };
		65502BFF1C577DBD00CEF162 /* return-king.jpg in Resources */ = {isa = PBXBuildFile; fileRef = 65502BE31C577DBD00CEF162 /* return-king.jpg */; };
		65502C001C577DBD00CEF162 /* shock.jpg in Resources */ = {isa = PBXBuildFile; fileRef = 65502BE41C577DBD00CEF162 /* shock.jpg */; };
		65502C011C577DBD00CEF162 /* sphinx.jpeg in Resources */ = {isa = PBXBuildFile; fileRef = 65502BE51C577DBD00CEF162 /* sphinx.jpeg */; };
		65502C021C577DBD00CEF162 /* stone.jpg in Resources */ = {isa = PBXBuildFile; fileRef = 65502BE61C577DBD00CEF162 /* stone.jpg */; };
		65502C031C577DBD00CEF162 /* the-hobbit.jpg in Resources */ = {isa = PBXBuildFile; fileRef = 65502BE71C577DBD00CEF162 /* the-hobbit.jpg */; };
		65502C041C577DBD00CEF162 /* two-towers.jpg in Resources */ = {isa = PBXBuildFile; fileRef = 65502BE81C577DBD00CEF162 /* two-towers.jpg */; };
/* End PBXBuildFile section */

/* Begin PBXFileReference section */
		65502BB01C577C6800CEF162 /* Tabbed Library.app */ = {isa = PBXFileReference; explicitFileType = wrapper.application; includeInIndex = 0; path = "Tabbed Library.app"; sourceTree = BUILT_PRODUCTS_DIR; };
		65502BB31C577C6800CEF162 /* AppDelegate.swift */ = {isa = PBXFileReference; lastKnownFileType = sourcecode.swift; path = AppDelegate.swift; sourceTree = "<group>"; };
		65502BB81C577C6800CEF162 /* Base */ = {isa = PBXFileReference; lastKnownFileType = file.storyboard; name = Base; path = Base.lproj/Main.storyboard; sourceTree = "<group>"; };
		65502BBA1C577C6800CEF162 /* Assets.xcassets */ = {isa = PBXFileReference; lastKnownFileType = folder.assetcatalog; path = Assets.xcassets; sourceTree = "<group>"; };
		65502BBD1C577C6800CEF162 /* Base */ = {isa = PBXFileReference; lastKnownFileType = file.storyboard; name = Base; path = Base.lproj/LaunchScreen.storyboard; sourceTree = "<group>"; };
		65502BBF1C577C6800CEF162 /* Info.plist */ = {isa = PBXFileReference; lastKnownFileType = text.plist.xml; path = Info.plist; sourceTree = "<group>"; };
		65502BC51C577D5900CEF162 /* AuthorsTableViewController.swift */ = {isa = PBXFileReference; fileEncoding = 4; lastKnownFileType = sourcecode.swift; path = AuthorsTableViewController.swift; sourceTree = "<group>"; };
		65502BC71C577D6100CEF162 /* BooksTableViewController.swift */ = {isa = PBXFileReference; fileEncoding = 4; lastKnownFileType = sourcecode.swift; path = BooksTableViewController.swift; sourceTree = "<group>"; };
		65502BC91C577D6700CEF162 /* BookCoverViewController.swift */ = {isa = PBXFileReference; fileEncoding = 4; lastKnownFileType = sourcecode.swift; path = BookCoverViewController.swift; sourceTree = "<group>"; };
		65502BCC1C577DBD00CEF162 /* Books.plist */ = {isa = PBXFileReference; fileEncoding = 4; lastKnownFileType = text.plist.xml; path = Books.plist; sourceTree = "<group>"; };
		65502BCE1C577DBD00CEF162 /* angels-demons.jpg */ = {isa = PBXFileReference; lastKnownFileType = image.jpeg; path = "angels-demons.jpg"; sourceTree = "<group>"; };
		65502BCF1C577DBD00CEF162 /* azkaban.jpg */ = {isa = PBXFileReference; lastKnownFileType = image.jpeg; path = azkaban.jpg; sourceTree = "<group>"; };
		65502BD01C577DBD00CEF162 /* background.jpg */ = {isa = PBXFileReference; lastKnownFileType = image.jpeg; path = background.jpg; sourceTree = "<group>"; };
		65502BD11C577DBD00CEF162 /* bard.jpg */ = {isa = PBXFileReference; lastKnownFileType = image.jpeg; path = bard.jpg; sourceTree = "<group>"; };
		65502BD21C577DBD00CEF162 /* bilbo-song.png */ = {isa = PBXFileReference; lastKnownFileType = image.png; path = "bilbo-song.png"; sourceTree = "<group>"; };
		65502BD31C577DBD00CEF162 /* blindsight.png */ = {isa = PBXFileReference; lastKnownFileType = image.png; path = blindsight.png; sourceTree = "<group>"; };
		65502BD41C577DBD00CEF162 /* brain.jpg */ = {isa = PBXFileReference; lastKnownFileType = image.jpeg; path = brain.jpg; sourceTree = "<group>"; };
		65502BD51C577DBD00CEF162 /* chamber.jpg */ = {isa = PBXFileReference; lastKnownFileType = image.jpeg; path = chamber.jpg; sourceTree = "<group>"; };
		65502BD61C577DBD00CEF162 /* da-vinci-code.jpg */ = {isa = PBXFileReference; lastKnownFileType = image.jpeg; path = "da-vinci-code.jpg"; sourceTree = "<group>"; };
		65502BD71C577DBD00CEF162 /* deception-point.jpg */ = {isa = PBXFileReference; lastKnownFileType = image.jpeg; path = "deception-point.jpg"; sourceTree = "<group>"; };
		65502BD81C577DBD00CEF162 /* digital-fortress.jpg */ = {isa = PBXFileReference; lastKnownFileType = image.jpeg; path = "digital-fortress.jpg"; sourceTree = "<group>"; };
		65502BD91C577DBD00CEF162 /* fatal-cure.jpeg */ = {isa = PBXFileReference; lastKnownFileType = image.jpeg; path = "fatal-cure.jpeg"; sourceTree = "<group>"; };
		65502BDA1C577DBD00CEF162 /* fellowship.jpg */ = {isa = PBXFileReference; lastKnownFileType = image.jpeg; path = fellowship.jpg; sourceTree = "<group>"; };
		65502BDB1C577DBD00CEF162 /* fever.jpg */ = {isa = PBXFileReference; lastKnownFileType = image.jpeg; path = fever.jpg; sourceTree = "<group>"; };
		65502BDC1C577DBD00CEF162 /* goblet.jpg */ = {isa = PBXFileReference; lastKnownFileType = image.jpeg; path = goblet.jpg; sourceTree = "<group>"; };
		65502BDD1C577DBD00CEF162 /* hallows.jpg */ = {isa = PBXFileReference; lastKnownFileType = image.jpeg; path = hallows.jpg; sourceTree = "<group>"; };
		65502BDE1C577DBD00CEF162 /* intervention.jpg */ = {isa = PBXFileReference; lastKnownFileType = image.jpeg; path = intervention.jpg; sourceTree = "<group>"; };
		65502BDF1C577DBD00CEF162 /* invasion.jpg */ = {isa = PBXFileReference; lastKnownFileType = image.jpeg; path = invasion.jpg; sourceTree = "<group>"; };
		65502BE01C577DBD00CEF162 /* lost-symbol.jpg */ = {isa = PBXFileReference; lastKnownFileType = image.jpeg; path = "lost-symbol.jpg"; sourceTree = "<group>"; };
		65502BE11C577DBD00CEF162 /* phoenix.jpg */ = {isa = PBXFileReference; lastKnownFileType = image.jpeg; path = phoenix.jpg; sourceTree = "<group>"; };
		65502BE21C577DBD00CEF162 /* prince.jpg */ = {isa = PBXFileReference; lastKnownFileType = image.jpeg; path = prince.jpg; sourceTree = "<group>"; };
		65502BE31C577DBD00CEF162 /* return-king.jpg */ = {isa = PBXFileReference; lastKnownFileType = image.jpeg; path = "return-king.jpg"; sourceTree = "<group>"; };
		65502BE41C577DBD00CEF162 /* shock.jpg */ = {isa = PBXFileReference; lastKnownFileType = image.jpeg; path = shock.jpg; sourceTree = "<group>"; };
		65502BE51C577DBD00CEF162 /* sphinx.jpeg */ = {isa = PBXFileReference; lastKnownFileType = image.jpeg; path = sphinx.jpeg; sourceTree = "<group>"; };
		65502BE61C577DBD00CEF162 /* stone.jpg */ = {isa = PBXFileReference; lastKnownFileType = image.jpeg; path = stone.jpg; sourceTree = "<group>"; };
		65502BE71C577DBD00CEF162 /* the-hobbit.jpg */ = {isa = PBXFileReference; lastKnownFileType = image.jpeg; path = "the-hobbit.jpg"; sourceTree = "<group>"; };
		65502BE81C577DBD00CEF162 /* two-towers.jpg */ = {isa = PBXFileReference; lastKnownFileType = image.jpeg; path = "two-towers.jpg"; sourceTree = "<group>"; };
/* End PBXFileReference section */

/* Begin PBXFrameworksBuildPhase section */
		65502BAD1C577C6800CEF162 /* Frameworks */ = {
			isa = PBXFrameworksBuildPhase;
			buildActionMask = 2147483647;
			files = (
			);
			runOnlyForDeploymentPostprocessing = 0;
		};
/* End PBXFrameworksBuildPhase section */

/* Begin PBXGroup section */
		65502BA71C577C6800CEF162 = {
			isa = PBXGroup;
			children = (
				65502BB21C577C6800CEF162 /* Tabbed Library */,
				65502BB11C577C6800CEF162 /* Products */,
			);
			sourceTree = "<group>";
		};
		65502BB11C577C6800CEF162 /* Products */ = {
			isa = PBXGroup;
			children = (
				65502BB01C577C6800CEF162 /* Tabbed Library.app */,
			);
			name = Products;
			sourceTree = "<group>";
		};
		65502BB21C577C6800CEF162 /* Tabbed Library */ = {
			isa = PBXGroup;
			children = (
				65502BB31C577C6800CEF162 /* AppDelegate.swift */,
				65502BC51C577D5900CEF162 /* AuthorsTableViewController.swift */,
				65502BC71C577D6100CEF162 /* BooksTableViewController.swift */,
				65502BC91C577D6700CEF162 /* BookCoverViewController.swift */,
				65502BB71C577C6800CEF162 /* Main.storyboard */,
				65502BBA1C577C6800CEF162 /* Assets.xcassets */,
				65502BCB1C577DBD00CEF162 /* Resources */,
				65502BBC1C577C6800CEF162 /* LaunchScreen.storyboard */,
				65502BBF1C577C6800CEF162 /* Info.plist */,
			);
			path = "Tabbed Library";
			sourceTree = "<group>";
		};
		65502BCB1C577DBD00CEF162 /* Resources */ = {
			isa = PBXGroup;
			children = (
				65502BCC1C577DBD00CEF162 /* Books.plist */,
				65502BCD1C577DBD00CEF162 /* Images */,
			);
			path = Resources;
			sourceTree = "<group>";
		};
		65502BCD1C577DBD00CEF162 /* Images */ = {
			isa = PBXGroup;
			children = (
				65502BCE1C577DBD00CEF162 /* angels-demons.jpg */,
				65502BCF1C577DBD00CEF162 /* azkaban.jpg */,
				65502BD01C577DBD00CEF162 /* background.jpg */,
				65502BD11C577DBD00CEF162 /* bard.jpg */,
				65502BD21C577DBD00CEF162 /* bilbo-song.png */,
				65502BD31C577DBD00CEF162 /* blindsight.png */,
				65502BD41C577DBD00CEF162 /* brain.jpg */,
				65502BD51C577DBD00CEF162 /* chamber.jpg */,
				65502BD61C577DBD00CEF162 /* da-vinci-code.jpg */,
				65502BD71C577DBD00CEF162 /* deception-point.jpg */,
				65502BD81C577DBD00CEF162 /* digital-fortress.jpg */,
				65502BD91C577DBD00CEF162 /* fatal-cure.jpeg */,
				65502BDA1C577DBD00CEF162 /* fellowship.jpg */,
				65502BDB1C577DBD00CEF162 /* fever.jpg */,
				65502BDC1C577DBD00CEF162 /* goblet.jpg */,
				65502BDD1C577DBD00CEF162 /* hallows.jpg */,
				65502BDE1C577DBD00CEF162 /* intervention.jpg */,
				65502BDF1C577DBD00CEF162 /* invasion.jpg */,
				65502BE01C577DBD00CEF162 /* lost-symbol.jpg */,
				65502BE11C577DBD00CEF162 /* phoenix.jpg */,
				65502BE21C577DBD00CEF162 /* prince.jpg */,
				65502BE31C577DBD00CEF162 /* return-king.jpg */,
				65502BE41C577DBD00CEF162 /* shock.jpg */,
				65502BE51C577DBD00CEF162 /* sphinx.jpeg */,
				65502BE61C577DBD00CEF162 /* stone.jpg */,
				65502BE71C577DBD00CEF162 /* the-hobbit.jpg */,
				65502BE81C577DBD00CEF162 /* two-towers.jpg */,
			);
			path = Images;
			sourceTree = "<group>";
		};
/* End PBXGroup section */

/* Begin PBXNativeTarget section */
		65502BAF1C577C6800CEF162 /* Tabbed Library */ = {
			isa = PBXNativeTarget;
			buildConfigurationList = 65502BC21C577C6800CEF162 /* Build configuration list for PBXNativeTarget "Tabbed Library" */;
			buildPhases = (
				65502BAC1C577C6800CEF162 /* Sources */,
				65502BAD1C577C6800CEF162 /* Frameworks */,
				65502BAE1C577C6800CEF162 /* Resources */,
			);
			buildRules = (
			);
			dependencies = (
			);
			name = "Tabbed Library";
			productName = "Tabbed Library";
			productReference = 65502BB01C577C6800CEF162 /* Tabbed Library.app */;
			productType = "com.apple.product-type.application";
		};
/* End PBXNativeTarget section */

/* Begin PBXProject section */
		65502BA81C577C6800CEF162 /* Project object */ = {
			isa = PBXProject;
			attributes = {
				LastSwiftUpdateCheck = 0720;
				LastUpgradeCheck = 0720;
				ORGANIZATIONNAME = "Yohannes Wijaya";
				TargetAttributes = {
					65502BAF1C577C6800CEF162 = {
						CreatedOnToolsVersion = 7.2;
						DevelopmentTeam = 4Z5JKF2M6S;
					};
				};
			};
			buildConfigurationList = 65502BAB1C577C6800CEF162 /* Build configuration list for PBXProject "Tabbed Library" */;
			compatibilityVersion = "Xcode 3.2";
			developmentRegion = English;
			hasScannedForEncodings = 0;
			knownRegions = (
				en,
				Base,
			);
			mainGroup = 65502BA71C577C6800CEF162;
			productRefGroup = 65502BB11C577C6800CEF162 /* Products */;
			projectDirPath = "";
			projectRoot = "";
			targets = (
				65502BAF1C577C6800CEF162 /* Tabbed Library */,
			);
		};
/* End PBXProject section */

/* Begin PBXResourcesBuildPhase section */
		65502BAE1C577C6800CEF162 /* Resources */ = {
			isa = PBXResourcesBuildPhase;
			buildActionMask = 2147483647;
			files = (
				65502BF91C577DBD00CEF162 /* hallows.jpg in Resources */,
				65502BF11C577DBD00CEF162 /* chamber.jpg in Resources */,
				65502C041C577DBD00CEF162 /* two-towers.jpg in Resources */,
				65502BFF1C577DBD00CEF162 /* return-king.jpg in Resources */,
				65502BED1C577DBD00CEF162 /* bard.jpg in Resources */,
				65502BBE1C577C6800CEF162 /* LaunchScreen.storyboard in Resources */,
				65502C011C577DBD00CEF162 /* sphinx.jpeg in Resources */,
				65502C021C577DBD00CEF162 /* stone.jpg in Resources */,
				65502BFB1C577DBD00CEF162 /* invasion.jpg in Resources */,
				65502BFD1C577DBD00CEF162 /* phoenix.jpg in Resources */,
				65502BF81C577DBD00CEF162 /* goblet.jpg in Resources */,
				65502BBB1C577C6800CEF162 /* Assets.xcassets in Resources */,
				65502BFC1C577DBD00CEF162 /* lost-symbol.jpg in Resources */,
				65502BF31C577DBD00CEF162 /* deception-point.jpg in Resources */,
				65502BEC1C577DBD00CEF162 /* background.jpg in Resources */,
				65502BEE1C577DBD00CEF162 /* bilbo-song.png in Resources */,
				65502BFE1C577DBD00CEF162 /* prince.jpg in Resources */,
				65502BF51C577DBD00CEF162 /* fatal-cure.jpeg in Resources */,
				65502BEB1C577DBD00CEF162 /* azkaban.jpg in Resources */,
				65502BEA1C577DBD00CEF162 /* angels-demons.jpg in Resources */,
				65502C031C577DBD00CEF162 /* the-hobbit.jpg in Resources */,
				65502BB91C577C6800CEF162 /* Main.storyboard in Resources */,
				65502BF61C577DBD00CEF162 /* fellowship.jpg in Resources */,
				65502C001C577DBD00CEF162 /* shock.jpg in Resources */,
				65502BF71C577DBD00CEF162 /* fever.jpg in Resources */,
				65502BE91C577DBD00CEF162 /* Books.plist in Resources */,
				65502BF21C577DBD00CEF162 /* da-vinci-code.jpg in Resources */,
				65502BF41C577DBD00CEF162 /* digital-fortress.jpg in Resources */,
				65502BF01C577DBD00CEF162 /* brain.jpg in Resources */,
				65502BFA1C577DBD00CEF162 /* intervention.jpg in Resources */,
				65502BEF1C577DBD00CEF162 /* blindsight.png in Resources */,
			);
			runOnlyForDeploymentPostprocessing = 0;
		};
/* End PBXResourcesBuildPhase section */

/* Begin PBXSourcesBuildPhase section */
		65502BAC1C577C6800CEF162 /* Sources */ = {
			isa = PBXSourcesBuildPhase;
			buildActionMask = 2147483647;
			files = (
				65502BCA1C577D6700CEF162 /* BookCoverViewController.swift in Sources */,
				65502BC61C577D5900CEF162 /* AuthorsTableViewController.swift in Sources */,
				65502BC81C577D6100CEF162 /* BooksTableViewController.swift in Sources */,
				65502BB41C577C6800CEF162 /* AppDelegate.swift in Sources */,
			);
			runOnlyForDeploymentPostprocessing = 0;
		};
/* End PBXSourcesBuildPhase section */

/* Begin PBXVariantGroup section */
		65502BB71C577C6800CEF162 /* Main.storyboard */ = {
			isa = PBXVariantGroup;
			children = (
				65502BB81C577C6800CEF162 /* Base */,
			);
			name = Main.storyboard;
			sourceTree = "<group>";
		};
		65502BBC1C577C6800CEF162 /* LaunchScreen.storyboard */ = {
			isa = PBXVariantGroup;
			children = (
				65502BBD1C577C6800CEF162 /* Base */,
			);
			name = LaunchScreen.storyboard;
			sourceTree = "<group>";
		};
/* End PBXVariantGroup section */

/* Begin XCBuildConfiguration section */
		65502BC01C577C6800CEF162 /* Debug */ = {
			isa = XCBuildConfiguration;
			buildSettings = {
				ALWAYS_SEARCH_USER_PATHS = NO;
				CLANG_CXX_LANGUAGE_STANDARD = "gnu++0x";
				CLANG_CXX_LIBRARY = "libc++";
				CLANG_ENABLE_MODULES = YES;
				CLANG_ENABLE_OBJC_ARC = YES;
				CLANG_WARN_BOOL_CONVERSION = YES;
				CLANG_WARN_CONSTANT_CONVERSION = YES;
				CLANG_WARN_DIRECT_OBJC_ISA_USAGE = YES_ERROR;
				CLANG_WARN_EMPTY_BODY = YES;
				CLANG_WARN_ENUM_CONVERSION = YES;
				CLANG_WARN_INT_CONVERSION = YES;
				CLANG_WARN_OBJC_ROOT_CLASS = YES_ERROR;
				CLANG_WARN_UNREACHABLE_CODE = YES;
				CLANG_WARN__DUPLICATE_METHOD_MATCH = YES;
				"CODE_SIGN_IDENTITY[sdk=iphoneos*]" = "iPhone Developer";
				COPY_PHASE_STRIP = NO;
				DEBUG_INFORMATION_FORMAT = dwarf;
				ENABLE_STRICT_OBJC_MSGSEND = YES;
				ENABLE_TESTABILITY = YES;
				GCC_C_LANGUAGE_STANDARD = gnu99;
				GCC_DYNAMIC_NO_PIC = NO;
				GCC_NO_COMMON_BLOCKS = YES;
				GCC_OPTIMIZATION_LEVEL = 0;
				GCC_PREPROCESSOR_DEFINITIONS = (
					"DEBUG=1",
					"$(inherited)",
				);
				GCC_WARN_64_TO_32_BIT_CONVERSION = YES;
				GCC_WARN_ABOUT_RETURN_TYPE = YES_ERROR;
				GCC_WARN_UNDECLARED_SELECTOR = YES;
				GCC_WARN_UNINITIALIZED_AUTOS = YES_AGGRESSIVE;
				GCC_WARN_UNUSED_FUNCTION = YES;
				GCC_WARN_UNUSED_VARIABLE = YES;
				IPHONEOS_DEPLOYMENT_TARGET = 9.2;
				MTL_ENABLE_DEBUG_INFO = YES;
				ONLY_ACTIVE_ARCH = YES;
				SDKROOT = iphoneos;
				SWIFT_OPTIMIZATION_LEVEL = "-Onone";
			};
			name = Debug;
		};
		65502BC11C577C6800CEF162 /* Release */ = {
			isa = XCBuildConfiguration;
			buildSettings = {
				ALWAYS_SEARCH_USER_PATHS = NO;
				CLANG_CXX_LANGUAGE_STANDARD = "gnu++0x";
				CLANG_CXX_LIBRARY = "libc++";
				CLANG_ENABLE_MODULES = YES;
				CLANG_ENABLE_OBJC_ARC = YES;
				CLANG_WARN_BOOL_CONVERSION = YES;
				CLANG_WARN_CONSTANT_CONVERSION = YES;
				CLANG_WARN_DIRECT_OBJC_ISA_USAGE = YES_ERROR;
				CLANG_WARN_EMPTY_BODY = YES;
				CLANG_WARN_ENUM_CONVERSION = YES;
				CLANG_WARN_INT_CONVERSION = YES;
				CLANG_WARN_OBJC_ROOT_CLASS = YES_ERROR;
				CLANG_WARN_UNREACHABLE_CODE = YES;
				CLANG_WARN__DUPLICATE_METHOD_MATCH = YES;
				"CODE_SIGN_IDENTITY[sdk=iphoneos*]" = "iPhone Developer";
				COPY_PHASE_STRIP = NO;
				DEBUG_INFORMATION_FORMAT = "dwarf-with-dsym";
				ENABLE_NS_ASSERTIONS = NO;
				ENABLE_STRICT_OBJC_MSGSEND = YES;
				GCC_C_LANGUAGE_STANDARD = gnu99;
				GCC_NO_COMMON_BLOCKS = YES;
				GCC_WARN_64_TO_32_BIT_CONVERSION = YES;
				GCC_WARN_ABOUT_RETURN_TYPE = YES_ERROR;
				GCC_WARN_UNDECLARED_SELECTOR = YES;
				GCC_WARN_UNINITIALIZED_AUTOS = YES_AGGRESSIVE;
				GCC_WARN_UNUSED_FUNCTION = YES;
				GCC_WARN_UNUSED_VARIABLE = YES;
				IPHONEOS_DEPLOYMENT_TARGET = 9.2;
				MTL_ENABLE_DEBUG_INFO = NO;
				SDKROOT = iphoneos;
				VALIDATE_PRODUCT = YES;
			};
			name = Release;
		};
		65502BC31C577C6800CEF162 /* Debug */ = {
			isa = XCBuildConfiguration;
			buildSettings = {
				ASSETCATALOG_COMPILER_APPICON_NAME = AppIcon;
				INFOPLIST_FILE = "Tabbed Library/Info.plist";
				LD_RUNPATH_SEARCH_PATHS = "$(inherited) @executable_path/Frameworks";
				PRODUCT_BUNDLE_IDENTIFIER = "self.fearless.Tabbed-Library";
				PRODUCT_NAME = "$(TARGET_NAME)";
			};
			name = Debug;
		};
		65502BC41C577C6800CEF162 /* Release */ = {
			isa = XCBuildConfiguration;
			buildSettings = {
				ASSETCATALOG_COMPILER_APPICON_NAME = AppIcon;
				INFOPLIST_FILE = "Tabbed Library/Info.plist";
				LD_RUNPATH_SEARCH_PATHS = "$(inherited) @executable_path/Frameworks";
				PRODUCT_BUNDLE_IDENTIFIER = "self.fearless.Tabbed-Library";
				PRODUCT_NAME = "$(TARGET_NAME)";
			};
			name = Release;
		};
/* End XCBuildConfiguration section */

/* Begin XCConfigurationList section */
		65502BAB1C577C6800CEF162 /* Build configuration list for PBXProject "Tabbed Library" */ = {
			isa = XCConfigurationList;
			buildConfigurations = (
				65502BC01C577C6800CEF162 /* Debug */,
				65502BC11C577C6800CEF162 /* Release */,
			);
			defaultConfigurationIsVisible = 0;
			defaultConfigurationName = Release;
		};
		65502BC21C577C6800CEF162 /* Build configuration list for PBXNativeTarget "Tabbed Library" */ = {
			isa = XCConfigurationList;
			buildConfigurations = (
				65502BC31C577C6800CEF162 /* Debug */,
				65502BC41C577C6800CEF162 /* Release */,
			);
			defaultConfigurationIsVisible = 0;
		};
/* End XCConfigurationList section */
	};
	rootObject = 65502BA81C577C6800CEF162 /* Project object */;
}
